
Microsoft Visual Studio Solution File, Format Version 12.00
# Visual Studio 15
VisualStudioVersion = 15.0.28307.168
MinimumVisualStudioVersion = 10.0.40219.1
Project("{FAE04EC0-301F-11D3-BF4B-00C04F79EFBC}") = "Polly.Contrib.RateLimiting", "Polly.Contrib.RateLimiting\Polly.Contrib.RateLimiting.csproj", "{C289AD06-364E-489A-86C0-041DD647A437}"
EndProject
Project("{FAE04EC0-301F-11D3-BF4B-00C04F79EFBC}") = "Polly.Contrib.RateLimiting.Specs", "Polly.Contrib.RateLimiting.Specs\Polly.Contrib.RateLimiting.Specs.csproj", "{A144C144-D3C2-46A6-B38C-F5DDADADB2F7}"
EndProject
Global
	GlobalSection(SolutionConfigurationPlatforms) = preSolution
		Debug|Any CPU = Debug|Any CPU
		Release|Any CPU = Release|Any CPU
	EndGlobalSection
	GlobalSection(ProjectConfigurationPlatforms) = postSolution
		{C289AD06-364E-489A-86C0-041DD647A437}.Debug|Any CPU.ActiveCfg = Debug|Any CPU
		{C289AD06-364E-489A-86C0-041DD647A437}.Debug|Any CPU.Build.0 = Debug|Any CPU
		{C289AD06-364E-489A-86C0-041DD647A437}.Release|Any CPU.ActiveCfg = Release|Any CPU
		{C289AD06-364E-489A-86C0-041DD647A437}.Release|Any CPU.Build.0 = Release|Any CPU
		{A144C144-D3C2-46A6-B38C-F5DDADADB2F7}.Debug|Any CPU.ActiveCfg = Debug|Any CPU
		{A144C144-D3C2-46A6-B38C-F5DDADADB2F7}.Debug|Any CPU.Build.0 = Debug|Any CPU
		{A144C144-D3C2-46A6-B38C-F5DDADADB2F7}.Release|Any CPU.ActiveCfg = Release|Any CPU
		{A144C144-D3C2-46A6-B38C-F5DDADADB2F7}.Release|Any CPU.Build.0 = Release|Any CPU
	EndGlobalSection
	GlobalSection(SolutionProperties) = preSolution
		HideSolutionNode = FALSE
	EndGlobalSection
	GlobalSection(ExtensibilityGlobals) = postSolution
		SolutionGuid = {509DA380-9907-48F4-BB77-DD6F8C4EF207}
	EndGlobalSection
EndGlobal
